
Microsoft Visual Studio Solution File, Format Version 12.00
# Visual Studio Version 16
VisualStudioVersion = 16.0.30611.23
MinimumVisualStudioVersion = 10.0.40219.1
Project("{FAE04EC0-301F-11D3-BF4B-00C04F79EFBC}") = "UsingJavaScriptFunctionInCSharp", "UsingJavaScriptFunctionInCSharp.csproj", "{B8E8E812-CA8A-4012-96F6-98E0496E57EC}"
EndProject
Global
	GlobalSection(SolutionConfigurationPlatforms) = preSolution
		Debug|Any CPU = Debug|Any CPU
		Release|Any CPU = Release|Any CPU
	EndGlobalSection
	GlobalSection(ProjectConfigurationPlatforms) = postSolution
		{B8E8E812-CA8A-4012-96F6-98E0496E57EC}.Debug|Any CPU.ActiveCfg = Debug|Any CPU
		{B8E8E812-CA8A-4012-96F6-98E0496E57EC}.Debug|Any CPU.Build.0 = Debug|Any CPU
		{B8E8E812-CA8A-4012-96F6-98E0496E57EC}.Release|Any CPU.ActiveCfg = Release|Any CPU
		{B8E8E812-CA8A-4012-96F6-98E0496E57EC}.Release|Any CPU.Build.0 = Release|Any CPU
	EndGlobalSection
	GlobalSection(SolutionProperties) = preSolution
		HideSolutionNode = FALSE
	EndGlobalSection
	GlobalSection(ExtensibilityGlobals) = postSolution
		SolutionGuid = {8EFBDFAB-12F7-49C3-A986-4479C1EFBB20}
	EndGlobalSection
EndGlobal
